
Microsoft Visual Studio Solution File, Format Version 12.00
# Visual Studio Version 16
VisualStudioVersion = 16.0.32428.217
MinimumVisualStudioVersion = 10.0.40219.1
Project("{FAE04EC0-301F-11D3-BF4B-00C04F79EFBC}") = "Figures", "Figures\Figures.csproj", "{01A3ACFA-E864-4201-9603-11351D99C4AC}"
	ProjectSection(ProjectDependencies) = postProject
		{486448A4-2309-408A-8F19-6A5DCAE5C2E8} = {486448A4-2309-408A-8F19-6A5DCAE5C2E8}
	EndProjectSection
EndProject
Project("{FAE04EC0-301F-11D3-BF4B-00C04F79EFBC}") = "Testing", "Testing\Testing.csproj", "{486448A4-2309-408A-8F19-6A5DCAE5C2E8}"
EndProject
Project("{9A19103F-16F7-4668-BE54-9A1E7A4F7556}") = "test", "..\test\test\test.csproj", "{8F756E0C-9EE0-4B49-94F3-71132176AE9E}"
EndProject
Global
	GlobalSection(SolutionConfigurationPlatforms) = preSolution
		Debug|Any CPU = Debug|Any CPU
		Release|Any CPU = Release|Any CPU
	EndGlobalSection
	GlobalSection(ProjectConfigurationPlatforms) = postSolution
		{01A3ACFA-E864-4201-9603-11351D99C4AC}.Debug|Any CPU.ActiveCfg = Debug|Any CPU
		{01A3ACFA-E864-4201-9603-11351D99C4AC}.Debug|Any CPU.Build.0 = Debug|Any CPU
		{01A3ACFA-E864-4201-9603-11351D99C4AC}.Release|Any CPU.ActiveCfg = Release|Any CPU
		{01A3ACFA-E864-4201-9603-11351D99C4AC}.Release|Any CPU.Build.0 = Release|Any CPU
		{486448A4-2309-408A-8F19-6A5DCAE5C2E8}.Debug|Any CPU.ActiveCfg = Debug|Any CPU
		{486448A4-2309-408A-8F19-6A5DCAE5C2E8}.Debug|Any CPU.Build.0 = Debug|Any CPU
		{486448A4-2309-408A-8F19-6A5DCAE5C2E8}.Release|Any CPU.ActiveCfg = Release|Any CPU
		{486448A4-2309-408A-8F19-6A5DCAE5C2E8}.Release|Any CPU.Build.0 = Release|Any CPU
		{8F756E0C-9EE0-4B49-94F3-71132176AE9E}.Debug|Any CPU.ActiveCfg = Debug|Any CPU
		{8F756E0C-9EE0-4B49-94F3-71132176AE9E}.Debug|Any CPU.Build.0 = Debug|Any CPU
		{8F756E0C-9EE0-4B49-94F3-71132176AE9E}.Release|Any CPU.ActiveCfg = Release|Any CPU
		{8F756E0C-9EE0-4B49-94F3-71132176AE9E}.Release|Any CPU.Build.0 = Release|Any CPU
	EndGlobalSection
	GlobalSection(SolutionProperties) = preSolution
		HideSolutionNode = FALSE
	EndGlobalSection
	GlobalSection(ExtensibilityGlobals) = postSolution
		SolutionGuid = {1AE4A625-5714-47BA-BB6B-E2DDBE0CF606}
	EndGlobalSection
EndGlobal
